
Microsoft Visual Studio Solution File, Format Version 12.00
# Visual Studio Version 17
VisualStudioVersion = 17.7.34031.279
MinimumVisualStudioVersion = 10.0.40219.1
Project("{9A19103F-16F7-4668-BE54-9A1E7A4F7556}") = "SeafClient", "SeafClient\SeafClient.csproj", "{59E47C7C-F93B-4C08-BB5D-E597AD15F0D7}"
EndProject
Project("{9A19103F-16F7-4668-BE54-9A1E7A4F7556}") = "SeafClient.Tests", "SeafClient.Tests\SeafClient.Tests.csproj", "{C262F430-3E2B-4339-A5C6-91E1FBBA8E85}"
EndProject
Project("{9A19103F-16F7-4668-BE54-9A1E7A4F7556}") = "SeafConsole", "SeafConsole\SeafConsole.csproj", "{7D763E4A-7690-446B-A388-6BE2A5B3912B}"
EndProject
Global
	GlobalSection(SolutionConfigurationPlatforms) = preSolution
		Debug|Any CPU = Debug|Any CPU
		Debug|ARM = Debug|ARM
		Debug|x64 = Debug|x64
		Debug|x86 = Debug|x86
		Release|Any CPU = Release|Any CPU
		Release|ARM = Release|ARM
		Release|x64 = Release|x64
		Release|x86 = Release|x86
	EndGlobalSection
	GlobalSection(ProjectConfigurationPlatforms) = postSolution
		{59E47C7C-F93B-4C08-BB5D-E597AD15F0D7}.Debug|Any CPU.ActiveCfg = Debug|Any CPU
		{59E47C7C-F93B-4C08-BB5D-E597AD15F0D7}.Debug|Any CPU.Build.0 = Debug|Any CPU
		{59E47C7C-F93B-4C08-BB5D-E597AD15F0D7}.Debug|ARM.ActiveCfg = Debug|Any CPU
		{59E47C7C-F93B-4C08-BB5D-E597AD15F0D7}.Debug|ARM.Build.0 = Debug|Any CPU
		{59E47C7C-F93B-4C08-BB5D-E597AD15F0D7}.Debug|x64.ActiveCfg = Debug|Any CPU
		{59E47C7C-F93B-4C08-BB5D-E597AD15F0D7}.Debug|x64.Build.0 = Debug|Any CPU
		{59E47C7C-F93B-4C08-BB5D-E597AD15F0D7}.Debug|x86.ActiveCfg = Debug|Any CPU
		{59E47C7C-F93B-4C08-BB5D-E597AD15F0D7}.Debug|x86.Build.0 = Debug|Any CPU
		{59E47C7C-F93B-4C08-BB5D-E597AD15F0D7}.Release|Any CPU.ActiveCfg = Release|Any CPU
		{59E47C7C-F93B-4C08-BB5D-E597AD15F0D7}.Release|Any CPU.Build.0 = Release|Any CPU
		{59E47C7C-F93B-4C08-BB5D-E597AD15F0D7}.Release|ARM.ActiveCfg = Release|Any CPU
		{59E47C7C-F93B-4C08-BB5D-E597AD15F0D7}.Release|ARM.Build.0 = Release|Any CPU
		{59E47C7C-F93B-4C08-BB5D-E597AD15F0D7}.Release|x64.ActiveCfg = Release|Any CPU
		{59E47C7C-F93B-4C08-BB5D-E597AD15F0D7}.Release|x64.Build.0 = Release|Any CPU
		{59E47C7C-F93B-4C08-BB5D-E597AD15F0D7}.Release|x86.ActiveCfg = Release|Any CPU
		{59E47C7C-F93B-4C08-BB5D-E597AD15F0D7}.Release|x86.Build.0 = Release|Any CPU
		{C262F430-3E2B-4339-A5C6-91E1FBBA8E85}.Debug|Any CPU.ActiveCfg = Debug|Any CPU
		{C262F430-3E2B-4339-A5C6-91E1FBBA8E85}.Debug|Any CPU.Build.0 = Debug|Any CPU
		{C262F430-3E2B-4339-A5C6-91E1FBBA8E85}.Debug|ARM.ActiveCfg = Debug|Any CPU
		{C262F430-3E2B-4339-A5C6-91E1FBBA8E85}.Debug|ARM.Build.0 = Debug|Any CPU
		{C262F430-3E2B-4339-A5C6-91E1FBBA8E85}.Debug|x64.ActiveCfg = Debug|Any CPU
		{C262F430-3E2B-4339-A5C6-91E1FBBA8E85}.Debug|x64.Build.0 = Debug|Any CPU
		{C262F430-3E2B-4339-A5C6-91E1FBBA8E85}.Debug|x86.ActiveCfg = Debug|Any CPU
		{C262F430-3E2B-4339-A5C6-91E1FBBA8E85}.Debug|x86.Build.0 = Debug|Any CPU
		{C262F430-3E2B-4339-A5C6-91E1FBBA8E85}.Release|Any CPU.ActiveCfg = Release|Any CPU
		{C262F430-3E2B-4339-A5C6-91E1FBBA8E85}.Release|Any CPU.Build.0 = Release|Any CPU
		{C262F430-3E2B-4339-A5C6-91E1FBBA8E85}.Release|ARM.ActiveCfg = Release|Any CPU
		{C262F430-3E2B-4339-A5C6-91E1FBBA8E85}.Release|ARM.Build.0 = Release|Any CPU
		{C262F430-3E2B-4339-A5C6-91E1FBBA8E85}.Release|x64.ActiveCfg = Release|Any CPU
		{C262F430-3E2B-4339-A5C6-91E1FBBA8E85}.Release|x64.Build.0 = Release|Any CPU
		{C262F430-3E2B-4339-A5C6-91E1FBBA8E85}.Release|x86.ActiveCfg = Release|Any CPU
		{C262F430-3E2B-4339-A5C6-91E1FBBA8E85}.Release|x86.Build.0 = Release|Any CPU
		{7D763E4A-7690-446B-A388-6BE2A5B3912B}.Debug|Any CPU.ActiveCfg = Debug|Any CPU
		{7D763E4A-7690-446B-A388-6BE2A5B3912B}.Debug|Any CPU.Build.0 = Debug|Any CPU
		{7D763E4A-7690-446B-A388-6BE2A5B3912B}.Debug|ARM.ActiveCfg = Debug|Any CPU
		{7D763E4A-7690-446B-A388-6BE2A5B3912B}.Debug|ARM.Build.0 = Debug|Any CPU
		{7D763E4A-7690-446B-A388-6BE2A5B3912B}.Debug|x64.ActiveCfg = Debug|Any CPU
		{7D763E4A-7690-446B-A388-6BE2A5B3912B}.Debug|x64.Build.0 = Debug|Any CPU
		{7D763E4A-7690-446B-A388-6BE2A5B3912B}.Debug|x86.ActiveCfg = Debug|Any CPU
		{7D763E4A-7690-446B-A388-6BE2A5B3912B}.Debug|x86.Build.0 = Debug|Any CPU
		{7D763E4A-7690-446B-A388-6BE2A5B3912B}.Release|Any CPU.ActiveCfg = Release|Any CPU
		{7D763E4A-7690-446B-A388-6BE2A5B3912B}.Release|Any CPU.Build.0 = Release|Any CPU
		{7D763E4A-7690-446B-A388-6BE2A5B3912B}.Release|ARM.ActiveCfg = Release|Any CPU
		{7D763E4A-7690-446B-A388-6BE2A5B3912B}.Release|ARM.Build.0 = Release|Any CPU
		{7D763E4A-7690-446B-A388-6BE2A5B3912B}.Release|x64.ActiveCfg = Release|Any CPU
		{7D763E4A-7690-446B-A388-6BE2A5B3912B}.Release|x64.Build.0 = Release|Any CPU
		{7D763E4A-7690-446B-A388-6BE2A5B3912B}.Release|x86.ActiveCfg = Release|Any CPU
		{7D763E4A-7690-446B-A388-6BE2A5B3912B}.Release|x86.Build.0 = Release|Any CPU
	EndGlobalSection
	GlobalSection(SolutionProperties) = preSolution
		HideSolutionNode = FALSE
	EndGlobalSection
	GlobalSection(ExtensibilityGlobals) = postSolution
		SolutionGuid = {893FC8E8-955F-4D66-BBF6-9898CA854ACD}
	EndGlobalSection
EndGlobal
